// !$*UTF8*$!
{
	archiveVersion = 1;
	classes = {
	};
	objectVersion = 56;
	objects = {

/* Begin PBXBuildFile section */
		C9A75B242AFDF8CD00ADE616 /* MetalShader_101App.swift in Sources */ = {isa = PBXBuildFile; fileRef = C9A75B232AFDF8CD00ADE616 /* MetalShader_101App.swift */; };
		C9A75B262AFDF8CD00ADE616 /* ContentView.swift in Sources */ = {isa = PBXBuildFile; fileRef = C9A75B252AFDF8CD00ADE616 /* ContentView.swift */; };
		C9A75B282AFDF8CE00ADE616 /* Assets.xcassets in Resources */ = {isa = PBXBuildFile; fileRef = C9A75B272AFDF8CE00ADE616 /* Assets.xcassets */; };
		C9A75B2B2AFDF8CE00ADE616 /* Preview Assets.xcassets in Resources */ = {isa = PBXBuildFile; fileRef = C9A75B2A2AFDF8CE00ADE616 /* Preview Assets.xcassets */; };
		C9A75B322AFDFA0A00ADE616 /* Shaders.metal in Sources */ = {isa = PBXBuildFile; fileRef = C9A75B312AFDFA0A00ADE616 /* Shaders.metal */; };
		C9ADBDB62B01F4A500366BA6 /* hsv_header.metal in Sources */ = {isa = PBXBuildFile; fileRef = C9ADBDB52B01F4A500366BA6 /* hsv_header.metal */; };
		C9ADBDB82B01F50A00366BA6 /* hsv.metal in Sources */ = {isa = PBXBuildFile; fileRef = C9ADBDB72B01F50A00366BA6 /* hsv.metal */; };
		C9ADBDBA2B01F5F000366BA6 /* model.swift in Sources */ = {isa = PBXBuildFile; fileRef = C9ADBDB92B01F5F000366BA6 /* model.swift */; };
/* End PBXBuildFile section */

/* Begin PBXFileReference section */
		C9A75B202AFDF8CD00ADE616 /* MetalShader-101.app */ = {isa = PBXFileReference; explicitFileType = wrapper.application; includeInIndex = 0; path = "MetalShader-101.app"; sourceTree = BUILT_PRODUCTS_DIR; };
		C9A75B232AFDF8CD00ADE616 /* MetalShader_101App.swift */ = {isa = PBXFileReference; lastKnownFileType = sourcecode.swift; path = MetalShader_101App.swift; sourceTree = "<group>"; };
		C9A75B252AFDF8CD00ADE616 /* ContentView.swift */ = {isa = PBXFileReference; lastKnownFileType = sourcecode.swift; path = ContentView.swift; sourceTree = "<group>"; };
		C9A75B272AFDF8CE00ADE616 /* Assets.xcassets */ = {isa = PBXFileReference; lastKnownFileType = folder.assetcatalog; path = Assets.xcassets; sourceTree = "<group>"; };
		C9A75B2A2AFDF8CE00ADE616 /* Preview Assets.xcassets */ = {isa = PBXFileReference; lastKnownFileType = folder.assetcatalog; path = "Preview Assets.xcassets"; sourceTree = "<group>"; };
		C9A75B312AFDFA0A00ADE616 /* Shaders.metal */ = {isa = PBXFileReference; lastKnownFileType = sourcecode.metal; path = Shaders.metal; sourceTree = "<group>"; };
		C9ADBDB52B01F4A500366BA6 /* hsv_header.metal */ = {isa = PBXFileReference; lastKnownFileType = sourcecode.metal; path = hsv_header.metal; sourceTree = "<group>"; };
		C9ADBDB72B01F50A00366BA6 /* hsv.metal */ = {isa = PBXFileReference; lastKnownFileType = sourcecode.metal; path = hsv.metal; sourceTree = "<group>"; };
		C9ADBDB92B01F5F000366BA6 /* model.swift */ = {isa = PBXFileReference; lastKnownFileType = sourcecode.swift; path = model.swift; sourceTree = "<group>"; };
/* End PBXFileReference section */

/* Begin PBXFrameworksBuildPhase section */
		C9A75B1D2AFDF8CD00ADE616 /* Frameworks */ = {
			isa = PBXFrameworksBuildPhase;
			buildActionMask = 2147483647;
			files = (
			);
			runOnlyForDeploymentPostprocessing = 0;
		};
/* End PBXFrameworksBuildPhase section */

/* Begin PBXGroup section */
		C9A75B172AFDF8CD00ADE616 = {
			isa = PBXGroup;
			children = (
				C9A75B222AFDF8CD00ADE616 /* MetalShader-101 */,
				C9A75B212AFDF8CD00ADE616 /* Products */,
			);
			sourceTree = "<group>";
		};
		C9A75B212AFDF8CD00ADE616 /* Products */ = {
			isa = PBXGroup;
			children = (
				C9A75B202AFDF8CD00ADE616 /* MetalShader-101.app */,
			);
			name = Products;
			sourceTree = "<group>";
		};
		C9A75B222AFDF8CD00ADE616 /* MetalShader-101 */ = {
			isa = PBXGroup;
			children = (
				C9A75B232AFDF8CD00ADE616 /* MetalShader_101App.swift */,
				C9A75B252AFDF8CD00ADE616 /* ContentView.swift */,
				C9ADBDB92B01F5F000366BA6 /* model.swift */,
				C9A75B312AFDFA0A00ADE616 /* Shaders.metal */,
				C9ADBDB52B01F4A500366BA6 /* hsv_header.metal */,
				C9ADBDB72B01F50A00366BA6 /* hsv.metal */,
				C9A75B272AFDF8CE00ADE616 /* Assets.xcassets */,
				C9A75B292AFDF8CE00ADE616 /* Preview Content */,
			);
			path = "MetalShader-101";
			sourceTree = "<group>";
		};
		C9A75B292AFDF8CE00ADE616 /* Preview Content */ = {
			isa = PBXGroup;
			children = (
				C9A75B2A2AFDF8CE00ADE616 /* Preview Assets.xcassets */,
			);
			path = "Preview Content";
			sourceTree = "<group>";
		};
/* End PBXGroup section */

/* Begin PBXNativeTarget section */
		C9A75B1F2AFDF8CD00ADE616 /* MetalShader-101 */ = {
			isa = PBXNativeTarget;
			buildConfigurationList = C9A75B2E2AFDF8CE00ADE616 /* Build configuration list for PBXNativeTarget "MetalShader-101" */;
			buildPhases = (
				C9A75B1C2AFDF8CD00ADE616 /* Sources */,
				C9A75B1D2AFDF8CD00ADE616 /* Frameworks */,
				C9A75B1E2AFDF8CD00ADE616 /* Resources */,
			);
			buildRules = (
			);
			dependencies = (
			);
			name = "MetalShader-101";
			productName = "MetalShader-101";
			productReference = C9A75B202AFDF8CD00ADE616 /* MetalShader-101.app */;
			productType = "com.apple.product-type.application";
		};
/* End PBXNativeTarget section */

/* Begin PBXProject section */
		C9A75B182AFDF8CD00ADE616 /* Project object */ = {
			isa = PBXProject;
			attributes = {
				BuildIndependentTargetsInParallel = 1;
				LastSwiftUpdateCheck = 1500;
				LastUpgradeCheck = 1500;
				TargetAttributes = {
					C9A75B1F2AFDF8CD00ADE616 = {
						CreatedOnToolsVersion = 15.0;
					};
				};
			};
			buildConfigurationList = C9A75B1B2AFDF8CD00ADE616 /* Build configuration list for PBXProject "MetalShader-101" */;
			compatibilityVersion = "Xcode 14.0";
			developmentRegion = en;
			hasScannedForEncodings = 0;
			knownRegions = (
				en,
				Base,
			);
			mainGroup = C9A75B172AFDF8CD00ADE616;
			productRefGroup = C9A75B212AFDF8CD00ADE616 /* Products */;
			projectDirPath = "";
			projectRoot = "";
			targets = (
				C9A75B1F2AFDF8CD00ADE616 /* MetalShader-101 */,
			);
		};
/* End PBXProject section */

/* Begin PBXResourcesBuildPhase section */
		C9A75B1E2AFDF8CD00ADE616 /* Resources */ = {
			isa = PBXResourcesBuildPhase;
			buildActionMask = 2147483647;
			files = (
				C9A75B2B2AFDF8CE00ADE616 /* Preview Assets.xcassets in Resources */,
				C9A75B282AFDF8CE00ADE616 /* Assets.xcassets in Resources */,
			);
			runOnlyForDeploymentPostprocessing = 0;
		};
/* End PBXResourcesBuildPhase section */

/* Begin PBXSourcesBuildPhase section */
		C9A75B1C2AFDF8CD00ADE616 /* Sources */ = {
			isa = PBXSourcesBuildPhase;
			buildActionMask = 2147483647;
			files = (
				C9A75B322AFDFA0A00ADE616 /* Shaders.metal in Sources */,
				C9ADBDBA2B01F5F000366BA6 /* model.swift in Sources */,
				C9ADBDB82B01F50A00366BA6 /* hsv.metal in Sources */,
				C9A75B262AFDF8CD00ADE616 /* ContentView.swift in Sources */,
				C9ADBDB62B01F4A500366BA6 /* hsv_header.metal in Sources */,
				C9A75B242AFDF8CD00ADE616 /* MetalShader_101App.swift in Sources */,
			);
			runOnlyForDeploymentPostprocessing = 0;
		};
/* End PBXSourcesBuildPhase section */

/* Begin XCBuildConfiguration section */
		C9A75B2C2AFDF8CE00ADE616 /* Debug */ = {
			isa = XCBuildConfiguration;
			buildSettings = {
				ALWAYS_SEARCH_USER_PATHS = NO;
				ASSETCATALOG_COMPILER_GENERATE_SWIFT_ASSET_SYMBOL_EXTENSIONS = YES;
				CLANG_ANALYZER_NONNULL = YES;
				CLANG_ANALYZER_NUMBER_OBJECT_CONVERSION = YES_AGGRESSIVE;
				CLANG_CXX_LANGUAGE_STANDARD = "gnu++20";
				CLANG_ENABLE_MODULES = YES;
				CLANG_ENABLE_OBJC_ARC = YES;
				CLANG_ENABLE_OBJC_WEAK = YES;
				CLANG_WARN_BLOCK_CAPTURE_AUTORELEASING = YES;
				CLANG_WARN_BOOL_CONVERSION = YES;
				CLANG_WARN_COMMA = YES;
				CLANG_WARN_CONSTANT_CONVERSION = YES;
				CLANG_WARN_DEPRECATED_OBJC_IMPLEMENTATIONS = YES;
				CLANG_WARN_DIRECT_OBJC_ISA_USAGE = YES_ERROR;
				CLANG_WARN_DOCUMENTATION_COMMENTS = YES;
				CLANG_WARN_EMPTY_BODY = YES;
				CLANG_WARN_ENUM_CONVERSION = YES;
				CLANG_WARN_INFINITE_RECURSION = YES;
				CLANG_WARN_INT_CONVERSION = YES;
				CLANG_WARN_NON_LITERAL_NULL_CONVERSION = YES;
				CLANG_WARN_OBJC_IMPLICIT_RETAIN_SELF = YES;
				CLANG_WARN_OBJC_LITERAL_CONVERSION = YES;
				CLANG_WARN_OBJC_ROOT_CLASS = YES_ERROR;
				CLANG_WARN_QUOTED_INCLUDE_IN_FRAMEWORK_HEADER = YES;
				CLANG_WARN_RANGE_LOOP_ANALYSIS = YES;
				CLANG_WARN_STRICT_PROTOTYPES = YES;
				CLANG_WARN_SUSPICIOUS_MOVE = YES;
				CLANG_WARN_UNGUARDED_AVAILABILITY = YES_AGGRESSIVE;
				CLANG_WARN_UNREACHABLE_CODE = YES;
				CLANG_WARN__DUPLICATE_METHOD_MATCH = YES;
				COPY_PHASE_STRIP = NO;
				DEBUG_INFORMATION_FORMAT = dwarf;
				ENABLE_STRICT_OBJC_MSGSEND = YES;
				ENABLE_TESTABILITY = YES;
				ENABLE_USER_SCRIPT_SANDBOXING = YES;
				GCC_C_LANGUAGE_STANDARD = gnu17;
				GCC_DYNAMIC_NO_PIC = NO;
				GCC_NO_COMMON_BLOCKS = YES;
				GCC_OPTIMIZATION_LEVEL = 0;
				GCC_PREPROCESSOR_DEFINITIONS = (
					"DEBUG=1",
					"$(inherited)",
				);
				GCC_WARN_64_TO_32_BIT_CONVERSION = YES;
				GCC_WARN_ABOUT_RETURN_TYPE = YES_ERROR;
				GCC_WARN_UNDECLARED_SELECTOR = YES;
				GCC_WARN_UNINITIALIZED_AUTOS = YES_AGGRESSIVE;
				GCC_WARN_UNUSED_FUNCTION = YES;
				GCC_WARN_UNUSED_VARIABLE = YES;
				IPHONEOS_DEPLOYMENT_TARGET = 17.0;
				LOCALIZATION_PREFERS_STRING_CATALOGS = YES;
				MTL_ENABLE_DEBUG_INFO = INCLUDE_SOURCE;
				MTL_FAST_MATH = YES;
				ONLY_ACTIVE_ARCH = YES;
				SDKROOT = iphoneos;
				SWIFT_ACTIVE_COMPILATION_CONDITIONS = "DEBUG $(inherited)";
				SWIFT_OPTIMIZATION_LEVEL = "-Onone";
			};
			name = Debug;
		};
		C9A75B2D2AFDF8CE00ADE616 /* Release */ = {
			isa = XCBuildConfiguration;
			buildSettings = {
				ALWAYS_SEARCH_USER_PATHS = NO;
				ASSETCATALOG_COMPILER_GENERATE_SWIFT_ASSET_SYMBOL_EXTENSIONS = YES;
				CLANG_ANALYZER_NONNULL = YES;
				CLANG_ANALYZER_NUMBER_OBJECT_CONVERSION = YES_AGGRESSIVE;
				CLANG_CXX_LANGUAGE_STANDARD = "gnu++20";
				CLANG_ENABLE_MODULES = YES;
				CLANG_ENABLE_OBJC_ARC = YES;
				CLANG_ENABLE_OBJC_WEAK = YES;
				CLANG_WARN_BLOCK_CAPTURE_AUTORELEASING = YES;
				CLANG_WARN_BOOL_CONVERSION = YES;
				CLANG_WARN_COMMA = YES;
				CLANG_WARN_CONSTANT_CONVERSION = YES;
				CLANG_WARN_DEPRECATED_OBJC_IMPLEMENTATIONS = YES;
				CLANG_WARN_DIRECT_OBJC_ISA_USAGE = YES_ERROR;
				CLANG_WARN_DOCUMENTATION_COMMENTS = YES;
				CLANG_WARN_EMPTY_BODY = YES;
				CLANG_WARN_ENUM_CONVERSION = YES;
				CLANG_WARN_INFINITE_RECURSION = YES;
				CLANG_WARN_INT_CONVERSION = YES;
				CLANG_WARN_NON_LITERAL_NULL_CONVERSION = YES;
				CLANG_WARN_OBJC_IMPLICIT_RETAIN_SELF = YES;
				CLANG_WARN_OBJC_LITERAL_CONVERSION = YES;
				CLANG_WARN_OBJC_ROOT_CLASS = YES_ERROR;
				CLANG_WARN_QUOTED_INCLUDE_IN_FRAMEWORK_HEADER = YES;
				CLANG_WARN_RANGE_LOOP_ANALYSIS = YES;
				CLANG_WARN_STRICT_PROTOTYPES = YES;
				CLANG_WARN_SUSPICIOUS_MOVE = YES;
				CLANG_WARN_UNGUARDED_AVAILABILITY = YES_AGGRESSIVE;
				CLANG_WARN_UNREACHABLE_CODE = YES;
				CLANG_WARN__DUPLICATE_METHOD_MATCH = YES;
				COPY_PHASE_STRIP = NO;
				DEBUG_INFORMATION_FORMAT = "dwarf-with-dsym";
				ENABLE_NS_ASSERTIONS = NO;
				ENABLE_STRICT_OBJC_MSGSEND = YES;
				ENABLE_USER_SCRIPT_SANDBOXING = YES;
				GCC_C_LANGUAGE_STANDARD = gnu17;
				GCC_NO_COMMON_BLOCKS = YES;
				GCC_WARN_64_TO_32_BIT_CONVERSION = YES;
				GCC_WARN_ABOUT_RETURN_TYPE = YES_ERROR;
				GCC_WARN_UNDECLARED_SELECTOR = YES;
				GCC_WARN_UNINITIALIZED_AUTOS = YES_AGGRESSIVE;
				GCC_WARN_UNUSED_FUNCTION = YES;
				GCC_WARN_UNUSED_VARIABLE = YES;
				IPHONEOS_DEPLOYMENT_TARGET = 17.0;
				LOCALIZATION_PREFERS_STRING_CATALOGS = YES;
				MTL_ENABLE_DEBUG_INFO = NO;
				MTL_FAST_MATH = YES;
				SDKROOT = iphoneos;
				SWIFT_COMPILATION_MODE = wholemodule;
				VALIDATE_PRODUCT = YES;
			};
			name = Release;
		};
		C9A75B2F2AFDF8CE00ADE616 /* Debug */ = {
			isa = XCBuildConfiguration;
			buildSettings = {
				ASSETCATALOG_COMPILER_APPICON_NAME = AppIcon;
				ASSETCATALOG_COMPILER_GLOBAL_ACCENT_COLOR_NAME = AccentColor;
				CODE_SIGN_STYLE = Automatic;
				CURRENT_PROJECT_VERSION = 1;
				DEVELOPMENT_ASSET_PATHS = "\"MetalShader-101/Preview Content\"";
				ENABLE_PREVIEWS = YES;
				GENERATE_INFOPLIST_FILE = YES;
				INFOPLIST_KEY_UIApplicationSceneManifest_Generation = YES;
				INFOPLIST_KEY_UIApplicationSupportsIndirectInputEvents = YES;
				INFOPLIST_KEY_UILaunchScreen_Generation = YES;
				INFOPLIST_KEY_UISupportedInterfaceOrientations_iPad = "UIInterfaceOrientationPortrait UIInterfaceOrientationPortraitUpsideDown UIInterfaceOrientationLandscapeLeft UIInterfaceOrientationLandscapeRight";
				INFOPLIST_KEY_UISupportedInterfaceOrientations_iPhone = "UIInterfaceOrientationPortrait UIInterfaceOrientationLandscapeLeft UIInterfaceOrientationLandscapeRight";
				LD_RUNPATH_SEARCH_PATHS = (
					"$(inherited)",
					"@executable_path/Frameworks",
				);
				MARKETING_VERSION = 1.0;
				PRODUCT_BUNDLE_IDENTIFIER = "mattc.MetalShader-101";
				PRODUCT_NAME = "$(TARGET_NAME)";
				SWIFT_EMIT_LOC_STRINGS = YES;
				SWIFT_VERSION = 5.0;
				TARGETED_DEVICE_FAMILY = "1,2";
			};
			name = Debug;
		};
		C9A75B302AFDF8CE00ADE616 /* Release */ = {
			isa = XCBuildConfiguration;
			buildSettings = {
				ASSETCATALOG_COMPILER_APPICON_NAME = AppIcon;
				ASSETCATALOG_COMPILER_GLOBAL_ACCENT_COLOR_NAME = AccentColor;
				CODE_SIGN_STYLE = Automatic;
				CURRENT_PROJECT_VERSION = 1;
				DEVELOPMENT_ASSET_PATHS = "\"MetalShader-101/Preview Content\"";
				ENABLE_PREVIEWS = YES;
				GENERATE_INFOPLIST_FILE = YES;
				INFOPLIST_KEY_UIApplicationSceneManifest_Generation = YES;
				INFOPLIST_KEY_UIApplicationSupportsIndirectInputEvents = YES;
				INFOPLIST_KEY_UILaunchScreen_Generation = YES;
				INFOPLIST_KEY_UISupportedInterfaceOrientations_iPad = "UIInterfaceOrientationPortrait UIInterfaceOrientationPortraitUpsideDown UIInterfaceOrientationLandscapeLeft UIInterfaceOrientationLandscapeRight";
				INFOPLIST_KEY_UISupportedInterfaceOrientations_iPhone = "UIInterfaceOrientationPortrait UIInterfaceOrientationLandscapeLeft UIInterfaceOrientationLandscapeRight";
				LD_RUNPATH_SEARCH_PATHS = (
					"$(inherited)",
					"@executable_path/Frameworks",
				);
				MARKETING_VERSION = 1.0;
				PRODUCT_BUNDLE_IDENTIFIER = "mattc.MetalShader-101";
				PRODUCT_NAME = "$(TARGET_NAME)";
				SWIFT_EMIT_LOC_STRINGS = YES;
				SWIFT_VERSION = 5.0;
				TARGETED_DEVICE_FAMILY = "1,2";
			};
			name = Release;
		};
/* End XCBuildConfiguration section */

/* Begin XCConfigurationList section */
		C9A75B1B2AFDF8CD00ADE616 /* Build configuration list for PBXProject "MetalShader-101" */ = {
			isa = XCConfigurationList;
			buildConfigurations = (
				C9A75B2C2AFDF8CE00ADE616 /* Debug */,
				C9A75B2D2AFDF8CE00ADE616 /* Release */,
			);
			defaultConfigurationIsVisible = 0;
			defaultConfigurationName = Release;
		};
		C9A75B2E2AFDF8CE00ADE616 /* Build configuration list for PBXNativeTarget "MetalShader-101" */ = {
			isa = XCConfigurationList;
			buildConfigurations = (
				C9A75B2F2AFDF8CE00ADE616 /* Debug */,
				C9A75B302AFDF8CE00ADE616 /* Release */,
			);
			defaultConfigurationIsVisible = 0;
			defaultConfigurationName = Release;
		};
/* End XCConfigurationList section */
	};
	rootObject = C9A75B182AFDF8CD00ADE616 /* Project object */;
}
